// !$*UTF8*$!
{
	archiveVersion = 1;
	classes = {
	};
	objectVersion = 56;
	objects = {

/* Begin PBXBuildFile section */
		D80ED82D29C8B9EF00A23ED6 /* ServiceManager.swift in Sources */ = {isa = PBXBuildFile; fileRef = D80ED82C29C8B9EF00A23ED6 /* ServiceManager.swift */; };
		D80ED83029C8BA7E00A23ED6 /* RepositoriesSearchRequest.swift in Sources */ = {isa = PBXBuildFile; fileRef = D80ED82F29C8BA7E00A23ED6 /* RepositoriesSearchRequest.swift */; };
		D80ED83329C8BB5400A23ED6 /* RepositorySearchViewModel.swift in Sources */ = {isa = PBXBuildFile; fileRef = D80ED83229C8BB5400A23ED6 /* RepositorySearchViewModel.swift */; };
		D86CD1B829C7535A00F523D9 /* SerachGithubReposiotryApp.swift in Sources */ = {isa = PBXBuildFile; fileRef = D86CD1B729C7535A00F523D9 /* SerachGithubReposiotryApp.swift */; };
		D86CD1BC29C7535C00F523D9 /* Assets.xcassets in Resources */ = {isa = PBXBuildFile; fileRef = D86CD1BB29C7535C00F523D9 /* Assets.xcassets */; };
		D86CD1BF29C7535C00F523D9 /* Preview Assets.xcassets in Resources */ = {isa = PBXBuildFile; fileRef = D86CD1BE29C7535C00F523D9 /* Preview Assets.xcassets */; };
		D86CD1C929C7535C00F523D9 /* SerachGithubReposiotryTests.swift in Sources */ = {isa = PBXBuildFile; fileRef = D86CD1C829C7535C00F523D9 /* SerachGithubReposiotryTests.swift */; };
		D86CD1D329C7535C00F523D9 /* SerachGithubReposiotryUITests.swift in Sources */ = {isa = PBXBuildFile; fileRef = D86CD1D229C7535C00F523D9 /* SerachGithubReposiotryUITests.swift */; };
		D86CD1D529C7535C00F523D9 /* SerachGithubReposiotryUITestsLaunchTests.swift in Sources */ = {isa = PBXBuildFile; fileRef = D86CD1D429C7535C00F523D9 /* SerachGithubReposiotryUITestsLaunchTests.swift */; };
		D86CD1E229C7557E00F523D9 /* SearchRepositoryView.swift in Sources */ = {isa = PBXBuildFile; fileRef = D86CD1E129C7557E00F523D9 /* SearchRepositoryView.swift */; };
		D86CD1E529C7567C00F523D9 /* RepositorySearchResponse.swift in Sources */ = {isa = PBXBuildFile; fileRef = D86CD1E429C7567C00F523D9 /* RepositorySearchResponse.swift */; };
		D86CD1E729C7569500F523D9 /* RepositoryItem.swift in Sources */ = {isa = PBXBuildFile; fileRef = D86CD1E629C7569500F523D9 /* RepositoryItem.swift */; };
		D86CD1E929C756AB00F523D9 /* RepositoryOwner.swift in Sources */ = {isa = PBXBuildFile; fileRef = D86CD1E829C756AB00F523D9 /* RepositoryOwner.swift */; };
		D86CD1ED29C757DA00F523D9 /* Endpoint.swift in Sources */ = {isa = PBXBuildFile; fileRef = D86CD1EC29C757DA00F523D9 /* Endpoint.swift */; };
		D86CD1EF29C757F300F523D9 /* APIRouterProtocol.swift in Sources */ = {isa = PBXBuildFile; fileRef = D86CD1EE29C757F300F523D9 /* APIRouterProtocol.swift */; };
		D86CD1F129C7581D00F523D9 /* HTTPMethod.swift in Sources */ = {isa = PBXBuildFile; fileRef = D86CD1F029C7581D00F523D9 /* HTTPMethod.swift */; };
		D86CD1F329C75F3300F523D9 /* NetworkError.swift in Sources */ = {isa = PBXBuildFile; fileRef = D86CD1F229C75F3300F523D9 /* NetworkError.swift */; };
		D86CD1F529C75F4A00F523D9 /* APIErrorStatus.swift in Sources */ = {isa = PBXBuildFile; fileRef = D86CD1F429C75F4A00F523D9 /* APIErrorStatus.swift */; };
		D86CD1F729C7602D00F523D9 /* Encode+Decode.swift in Sources */ = {isa = PBXBuildFile; fileRef = D86CD1F629C7602D00F523D9 /* Encode+Decode.swift */; };
		D86CD1F929C7604600F523D9 /* Request.swift in Sources */ = {isa = PBXBuildFile; fileRef = D86CD1F829C7604600F523D9 /* Request.swift */; };
		D86CD1FC29C76A7200F523D9 /* ExecutionState.swift in Sources */ = {isa = PBXBuildFile; fileRef = D86CD1FB29C76A7100F523D9 /* ExecutionState.swift */; };
		D86CD1FF29C76B3B00F523D9 /* CachedAsyncImage.swift in Sources */ = {isa = PBXBuildFile; fileRef = D86CD1FE29C76B3B00F523D9 /* CachedAsyncImage.swift */; };
		D86CD20129C76C2F00F523D9 /* CashManager.swift in Sources */ = {isa = PBXBuildFile; fileRef = D86CD20029C76C2F00F523D9 /* CashManager.swift */; };
		D86CD20329C76CA700F523D9 /* Network+Connectivity.swift in Sources */ = {isa = PBXBuildFile; fileRef = D86CD20229C76CA700F523D9 /* Network+Connectivity.swift */; };
		D86CD20629C76D5D00F523D9 /* String+Extension.swift in Sources */ = {isa = PBXBuildFile; fileRef = D86CD20529C76D5D00F523D9 /* String+Extension.swift */; };
		D86CD20829C76DC200F523D9 /* Publisher+Extension.swift in Sources */ = {isa = PBXBuildFile; fileRef = D86CD20729C76DC200F523D9 /* Publisher+Extension.swift */; };
		D86CD20B29C76E8500F523D9 /* LoaderView.swift in Sources */ = {isa = PBXBuildFile; fileRef = D86CD20A29C76E8500F523D9 /* LoaderView.swift */; };
		D86CD20E29C76ECF00F523D9 /* MessageView.swift in Sources */ = {isa = PBXBuildFile; fileRef = D86CD20D29C76ECF00F523D9 /* MessageView.swift */; };
		D86CD21029C770F100F523D9 /* ImageHolderView.swift in Sources */ = {isa = PBXBuildFile; fileRef = D86CD20F29C770F100F523D9 /* ImageHolderView.swift */; };
/* End PBXBuildFile section */

/* Begin PBXContainerItemProxy section */
		D86CD1C529C7535C00F523D9 /* PBXContainerItemProxy */ = {
			isa = PBXContainerItemProxy;
			containerPortal = D86CD1AC29C7535A00F523D9 /* Project object */;
			proxyType = 1;
			remoteGlobalIDString = D86CD1B329C7535A00F523D9;
			remoteInfo = SerachGithubReposiotry;
		};
		D86CD1CF29C7535C00F523D9 /* PBXContainerItemProxy */ = {
			isa = PBXContainerItemProxy;
			containerPortal = D86CD1AC29C7535A00F523D9 /* Project object */;
			proxyType = 1;
			remoteGlobalIDString = D86CD1B329C7535A00F523D9;
			remoteInfo = SerachGithubReposiotry;
		};
/* End PBXContainerItemProxy section */

/* Begin PBXFileReference section */
		D80ED82C29C8B9EF00A23ED6 /* ServiceManager.swift */ = {isa = PBXFileReference; lastKnownFileType = sourcecode.swift; path = ServiceManager.swift; sourceTree = "<group>"; };
		D80ED82F29C8BA7E00A23ED6 /* RepositoriesSearchRequest.swift */ = {isa = PBXFileReference; lastKnownFileType = sourcecode.swift; path = RepositoriesSearchRequest.swift; sourceTree = "<group>"; };
		D80ED83229C8BB5400A23ED6 /* RepositorySearchViewModel.swift */ = {isa = PBXFileReference; lastKnownFileType = sourcecode.swift; path = RepositorySearchViewModel.swift; sourceTree = "<group>"; };
		D86CD1B429C7535A00F523D9 /* SerachGithubReposiotry.app */ = {isa = PBXFileReference; explicitFileType = wrapper.application; includeInIndex = 0; path = SerachGithubReposiotry.app; sourceTree = BUILT_PRODUCTS_DIR; };
		D86CD1B729C7535A00F523D9 /* SerachGithubReposiotryApp.swift */ = {isa = PBXFileReference; lastKnownFileType = sourcecode.swift; path = SerachGithubReposiotryApp.swift; sourceTree = "<group>"; };
		D86CD1BB29C7535C00F523D9 /* Assets.xcassets */ = {isa = PBXFileReference; lastKnownFileType = folder.assetcatalog; path = Assets.xcassets; sourceTree = "<group>"; };
		D86CD1BE29C7535C00F523D9 /* Preview Assets.xcassets */ = {isa = PBXFileReference; lastKnownFileType = folder.assetcatalog; path = "Preview Assets.xcassets"; sourceTree = "<group>"; };
		D86CD1C429C7535C00F523D9 /* SerachGithubReposiotryTests.xctest */ = {isa = PBXFileReference; explicitFileType = wrapper.cfbundle; includeInIndex = 0; path = SerachGithubReposiotryTests.xctest; sourceTree = BUILT_PRODUCTS_DIR; };
		D86CD1C829C7535C00F523D9 /* SerachGithubReposiotryTests.swift */ = {isa = PBXFileReference; lastKnownFileType = sourcecode.swift; path = SerachGithubReposiotryTests.swift; sourceTree = "<group>"; };
		D86CD1CE29C7535C00F523D9 /* SerachGithubReposiotryUITests.xctest */ = {isa = PBXFileReference; explicitFileType = wrapper.cfbundle; includeInIndex = 0; path = SerachGithubReposiotryUITests.xctest; sourceTree = BUILT_PRODUCTS_DIR; };
		D86CD1D229C7535C00F523D9 /* SerachGithubReposiotryUITests.swift */ = {isa = PBXFileReference; lastKnownFileType = sourcecode.swift; path = SerachGithubReposiotryUITests.swift; sourceTree = "<group>"; };
		D86CD1D429C7535C00F523D9 /* SerachGithubReposiotryUITestsLaunchTests.swift */ = {isa = PBXFileReference; lastKnownFileType = sourcecode.swift; path = SerachGithubReposiotryUITestsLaunchTests.swift; sourceTree = "<group>"; };
		D86CD1E129C7557E00F523D9 /* SearchRepositoryView.swift */ = {isa = PBXFileReference; lastKnownFileType = sourcecode.swift; path = SearchRepositoryView.swift; sourceTree = "<group>"; };
		D86CD1E429C7567C00F523D9 /* RepositorySearchResponse.swift */ = {isa = PBXFileReference; lastKnownFileType = sourcecode.swift; path = RepositorySearchResponse.swift; sourceTree = "<group>"; };
		D86CD1E629C7569500F523D9 /* RepositoryItem.swift */ = {isa = PBXFileReference; lastKnownFileType = sourcecode.swift; path = RepositoryItem.swift; sourceTree = "<group>"; };
		D86CD1E829C756AB00F523D9 /* RepositoryOwner.swift */ = {isa = PBXFileReference; lastKnownFileType = sourcecode.swift; path = RepositoryOwner.swift; sourceTree = "<group>"; };
		D86CD1EC29C757DA00F523D9 /* Endpoint.swift */ = {isa = PBXFileReference; lastKnownFileType = sourcecode.swift; path = Endpoint.swift; sourceTree = "<group>"; };
		D86CD1EE29C757F300F523D9 /* APIRouterProtocol.swift */ = {isa = PBXFileReference; lastKnownFileType = sourcecode.swift; path = APIRouterProtocol.swift; sourceTree = "<group>"; };
		D86CD1F029C7581D00F523D9 /* HTTPMethod.swift */ = {isa = PBXFileReference; lastKnownFileType = sourcecode.swift; path = HTTPMethod.swift; sourceTree = "<group>"; };
		D86CD1F229C75F3300F523D9 /* NetworkError.swift */ = {isa = PBXFileReference; lastKnownFileType = sourcecode.swift; path = NetworkError.swift; sourceTree = "<group>"; };
		D86CD1F429C75F4A00F523D9 /* APIErrorStatus.swift */ = {isa = PBXFileReference; lastKnownFileType = sourcecode.swift; path = APIErrorStatus.swift; sourceTree = "<group>"; };
		D86CD1F629C7602D00F523D9 /* Encode+Decode.swift */ = {isa = PBXFileReference; lastKnownFileType = sourcecode.swift; path = "Encode+Decode.swift"; sourceTree = "<group>"; };
		D86CD1F829C7604600F523D9 /* Request.swift */ = {isa = PBXFileReference; lastKnownFileType = sourcecode.swift; path = Request.swift; sourceTree = "<group>"; };
		D86CD1FB29C76A7100F523D9 /* ExecutionState.swift */ = {isa = PBXFileReference; lastKnownFileType = sourcecode.swift; path = ExecutionState.swift; sourceTree = "<group>"; };
		D86CD1FE29C76B3B00F523D9 /* CachedAsyncImage.swift */ = {isa = PBXFileReference; lastKnownFileType = sourcecode.swift; path = CachedAsyncImage.swift; sourceTree = "<group>"; };
		D86CD20029C76C2F00F523D9 /* CashManager.swift */ = {isa = PBXFileReference; lastKnownFileType = sourcecode.swift; path = CashManager.swift; sourceTree = "<group>"; };
		D86CD20229C76CA700F523D9 /* Network+Connectivity.swift */ = {isa = PBXFileReference; lastKnownFileType = sourcecode.swift; path = "Network+Connectivity.swift"; sourceTree = "<group>"; };
		D86CD20529C76D5D00F523D9 /* String+Extension.swift */ = {isa = PBXFileReference; lastKnownFileType = sourcecode.swift; path = "String+Extension.swift"; sourceTree = "<group>"; };
		D86CD20729C76DC200F523D9 /* Publisher+Extension.swift */ = {isa = PBXFileReference; lastKnownFileType = sourcecode.swift; path = "Publisher+Extension.swift"; sourceTree = "<group>"; };
		D86CD20A29C76E8500F523D9 /* LoaderView.swift */ = {isa = PBXFileReference; lastKnownFileType = sourcecode.swift; path = LoaderView.swift; sourceTree = "<group>"; };
		D86CD20D29C76ECF00F523D9 /* MessageView.swift */ = {isa = PBXFileReference; lastKnownFileType = sourcecode.swift; path = MessageView.swift; sourceTree = "<group>"; };
		D86CD20F29C770F100F523D9 /* ImageHolderView.swift */ = {isa = PBXFileReference; lastKnownFileType = sourcecode.swift; path = ImageHolderView.swift; sourceTree = "<group>"; };
/* End PBXFileReference section */

/* Begin PBXFrameworksBuildPhase section */
		D86CD1B129C7535A00F523D9 /* Frameworks */ = {
			isa = PBXFrameworksBuildPhase;
			buildActionMask = 2147483647;
			files = (
			);
			runOnlyForDeploymentPostprocessing = 0;
		};
		D86CD1C129C7535C00F523D9 /* Frameworks */ = {
			isa = PBXFrameworksBuildPhase;
			buildActionMask = 2147483647;
			files = (
			);
			runOnlyForDeploymentPostprocessing = 0;
		};
		D86CD1CB29C7535C00F523D9 /* Frameworks */ = {
			isa = PBXFrameworksBuildPhase;
			buildActionMask = 2147483647;
			files = (
			);
			runOnlyForDeploymentPostprocessing = 0;
		};
/* End PBXFrameworksBuildPhase section */

/* Begin PBXGroup section */
		D80ED82B29C8B9E500A23ED6 /* API Manager */ = {
			isa = PBXGroup;
			children = (
				D80ED82C29C8B9EF00A23ED6 /* ServiceManager.swift */,
			);
			path = "API Manager";
			sourceTree = "<group>";
		};
		D80ED82E29C8BA7000A23ED6 /* RepositorySearchRequest */ = {
			isa = PBXGroup;
			children = (
				D80ED82F29C8BA7E00A23ED6 /* RepositoriesSearchRequest.swift */,
			);
			path = RepositorySearchRequest;
			sourceTree = "<group>";
		};
		D80ED83129C8BB3500A23ED6 /* ViewModel */ = {
			isa = PBXGroup;
			children = (
				D80ED83229C8BB5400A23ED6 /* RepositorySearchViewModel.swift */,
			);
			path = ViewModel;
			sourceTree = "<group>";
		};
		D80ED83429C8C6AF00A23ED6 /* UseCase */ = {
			isa = PBXGroup;
			children = (
				D86CD1E129C7557E00F523D9 /* SearchRepositoryView.swift */,
			);
			path = UseCase;
			sourceTree = "<group>";
		};
		D86CD1AB29C7535A00F523D9 = {
			isa = PBXGroup;
			children = (
				D86CD1B629C7535A00F523D9 /* SerachGithubReposiotry */,
				D86CD1C729C7535C00F523D9 /* SerachGithubReposiotryTests */,
				D86CD1D129C7535C00F523D9 /* SerachGithubReposiotryUITests */,
				D86CD1B529C7535A00F523D9 /* Products */,
			);
			sourceTree = "<group>";
		};
		D86CD1B529C7535A00F523D9 /* Products */ = {
			isa = PBXGroup;
			children = (
				D86CD1B429C7535A00F523D9 /* SerachGithubReposiotry.app */,
				D86CD1C429C7535C00F523D9 /* SerachGithubReposiotryTests.xctest */,
				D86CD1CE29C7535C00F523D9 /* SerachGithubReposiotryUITests.xctest */,
			);
			name = Products;
			sourceTree = "<group>";
		};
		D86CD1B629C7535A00F523D9 /* SerachGithubReposiotry */ = {
			isa = PBXGroup;
			children = (
				D80ED83129C8BB3500A23ED6 /* ViewModel */,
				D80ED82E29C8BA7000A23ED6 /* RepositorySearchRequest */,
				D80ED82B29C8B9E500A23ED6 /* API Manager */,
				D86CD20929C76E7900F523D9 /* CommonViews */,
				D86CD20429C76D5200F523D9 /* Extensions */,
				D86CD1FD29C76AD400F523D9 /* Helper */,
				D86CD1FA29C76A6400F523D9 /* Utilities */,
				D86CD1EB29C757CC00F523D9 /* Network */,
				D86CD1EA29C756C600F523D9 /* Resources */,
				D86CD1E329C7566B00F523D9 /* Model */,
				D80ED83429C8C6AF00A23ED6 /* UseCase */,
				D86CD1B729C7535A00F523D9 /* SerachGithubReposiotryApp.swift */,
			);
			path = SerachGithubReposiotry;
			sourceTree = "<group>";
		};
		D86CD1BD29C7535C00F523D9 /* Preview Content */ = {
			isa = PBXGroup;
			children = (
				D86CD1BE29C7535C00F523D9 /* Preview Assets.xcassets */,
			);
			path = "Preview Content";
			sourceTree = "<group>";
		};
		D86CD1C729C7535C00F523D9 /* SerachGithubReposiotryTests */ = {
			isa = PBXGroup;
			children = (
				D86CD1C829C7535C00F523D9 /* SerachGithubReposiotryTests.swift */,
			);
			path = SerachGithubReposiotryTests;
			sourceTree = "<group>";
		};
		D86CD1D129C7535C00F523D9 /* SerachGithubReposiotryUITests */ = {
			isa = PBXGroup;
			children = (
				D86CD1D229C7535C00F523D9 /* SerachGithubReposiotryUITests.swift */,
				D86CD1D429C7535C00F523D9 /* SerachGithubReposiotryUITestsLaunchTests.swift */,
			);
			path = SerachGithubReposiotryUITests;
			sourceTree = "<group>";
		};
		D86CD1E329C7566B00F523D9 /* Model */ = {
			isa = PBXGroup;
			children = (
				D86CD1E429C7567C00F523D9 /* RepositorySearchResponse.swift */,
				D86CD1E629C7569500F523D9 /* RepositoryItem.swift */,
				D86CD1E829C756AB00F523D9 /* RepositoryOwner.swift */,
			);
			path = Model;
			sourceTree = "<group>";
		};
		D86CD1EA29C756C600F523D9 /* Resources */ = {
			isa = PBXGroup;
			children = (
				D86CD1BD29C7535C00F523D9 /* Preview Content */,
				D86CD1BB29C7535C00F523D9 /* Assets.xcassets */,
			);
			path = Resources;
			sourceTree = "<group>";
		};
		D86CD1EB29C757CC00F523D9 /* Network */ = {
			isa = PBXGroup;
			children = (
				D86CD1EC29C757DA00F523D9 /* Endpoint.swift */,
				D86CD1EE29C757F300F523D9 /* APIRouterProtocol.swift */,
				D86CD1F029C7581D00F523D9 /* HTTPMethod.swift */,
				D86CD1F229C75F3300F523D9 /* NetworkError.swift */,
				D86CD1F429C75F4A00F523D9 /* APIErrorStatus.swift */,
				D86CD1F629C7602D00F523D9 /* Encode+Decode.swift */,
				D86CD1F829C7604600F523D9 /* Request.swift */,
			);
			path = Network;
			sourceTree = "<group>";
		};
		D86CD1FA29C76A6400F523D9 /* Utilities */ = {
			isa = PBXGroup;
			children = (
				D86CD1FB29C76A7100F523D9 /* ExecutionState.swift */,
			);
			path = Utilities;
			sourceTree = "<group>";
		};
		D86CD1FD29C76AD400F523D9 /* Helper */ = {
			isa = PBXGroup;
			children = (
				D86CD1FE29C76B3B00F523D9 /* CachedAsyncImage.swift */,
				D86CD20029C76C2F00F523D9 /* CashManager.swift */,
				D86CD20229C76CA700F523D9 /* Network+Connectivity.swift */,
			);
			path = Helper;
			sourceTree = "<group>";
		};
		D86CD20429C76D5200F523D9 /* Extensions */ = {
			isa = PBXGroup;
			children = (
				D86CD20529C76D5D00F523D9 /* String+Extension.swift */,
				D86CD20729C76DC200F523D9 /* Publisher+Extension.swift */,
			);
			path = Extensions;
			sourceTree = "<group>";
		};
		D86CD20929C76E7900F523D9 /* CommonViews */ = {
			isa = PBXGroup;
			children = (
				D86CD20A29C76E8500F523D9 /* LoaderView.swift */,
				D86CD20D29C76ECF00F523D9 /* MessageView.swift */,
				D86CD20F29C770F100F523D9 /* ImageHolderView.swift */,
			);
			path = CommonViews;
			sourceTree = "<group>";
		};
/* End PBXGroup section */

/* Begin PBXNativeTarget section */
		D86CD1B329C7535A00F523D9 /* SerachGithubReposiotry */ = {
			isa = PBXNativeTarget;
			buildConfigurationList = D86CD1D829C7535C00F523D9 /* Build configuration list for PBXNativeTarget "SerachGithubReposiotry" */;
			buildPhases = (
				D86CD1B029C7535A00F523D9 /* Sources */,
				D86CD1B129C7535A00F523D9 /* Frameworks */,
				D86CD1B229C7535A00F523D9 /* Resources */,
			);
			buildRules = (
			);
			dependencies = (
			);
			name = SerachGithubReposiotry;
			productName = SerachGithubReposiotry;
			productReference = D86CD1B429C7535A00F523D9 /* SerachGithubReposiotry.app */;
			productType = "com.apple.product-type.application";
		};
		D86CD1C329C7535C00F523D9 /* SerachGithubReposiotryTests */ = {
			isa = PBXNativeTarget;
			buildConfigurationList = D86CD1DB29C7535C00F523D9 /* Build configuration list for PBXNativeTarget "SerachGithubReposiotryTests" */;
			buildPhases = (
				D86CD1C029C7535C00F523D9 /* Sources */,
				D86CD1C129C7535C00F523D9 /* Frameworks */,
				D86CD1C229C7535C00F523D9 /* Resources */,
			);
			buildRules = (
			);
			dependencies = (
				D86CD1C629C7535C00F523D9 /* PBXTargetDependency */,
			);
			name = SerachGithubReposiotryTests;
			productName = SerachGithubReposiotryTests;
			productReference = D86CD1C429C7535C00F523D9 /* SerachGithubReposiotryTests.xctest */;
			productType = "com.apple.product-type.bundle.unit-test";
		};
		D86CD1CD29C7535C00F523D9 /* SerachGithubReposiotryUITests */ = {
			isa = PBXNativeTarget;
			buildConfigurationList = D86CD1DE29C7535C00F523D9 /* Build configuration list for PBXNativeTarget "SerachGithubReposiotryUITests" */;
			buildPhases = (
				D86CD1CA29C7535C00F523D9 /* Sources */,
				D86CD1CB29C7535C00F523D9 /* Frameworks */,
				D86CD1CC29C7535C00F523D9 /* Resources */,
			);
			buildRules = (
			);
			dependencies = (
				D86CD1D029C7535C00F523D9 /* PBXTargetDependency */,
			);
			name = SerachGithubReposiotryUITests;
			productName = SerachGithubReposiotryUITests;
			productReference = D86CD1CE29C7535C00F523D9 /* SerachGithubReposiotryUITests.xctest */;
			productType = "com.apple.product-type.bundle.ui-testing";
		};
/* End PBXNativeTarget section */

/* Begin PBXProject section */
		D86CD1AC29C7535A00F523D9 /* Project object */ = {
			isa = PBXProject;
			attributes = {
				BuildIndependentTargetsInParallel = 1;
				LastSwiftUpdateCheck = 1420;
				LastUpgradeCheck = 1420;
				TargetAttributes = {
					D86CD1B329C7535A00F523D9 = {
						CreatedOnToolsVersion = 14.2;
					};
					D86CD1C329C7535C00F523D9 = {
						CreatedOnToolsVersion = 14.2;
						TestTargetID = D86CD1B329C7535A00F523D9;
					};
					D86CD1CD29C7535C00F523D9 = {
						CreatedOnToolsVersion = 14.2;
						TestTargetID = D86CD1B329C7535A00F523D9;
					};
				};
			};
			buildConfigurationList = D86CD1AF29C7535A00F523D9 /* Build configuration list for PBXProject "SerachGithubReposiotry" */;
			compatibilityVersion = "Xcode 14.0";
			developmentRegion = en;
			hasScannedForEncodings = 0;
			knownRegions = (
				en,
				Base,
			);
			mainGroup = D86CD1AB29C7535A00F523D9;
			productRefGroup = D86CD1B529C7535A00F523D9 /* Products */;
			projectDirPath = "";
			projectRoot = "";
			targets = (
				D86CD1B329C7535A00F523D9 /* SerachGithubReposiotry */,
				D86CD1C329C7535C00F523D9 /* SerachGithubReposiotryTests */,
				D86CD1CD29C7535C00F523D9 /* SerachGithubReposiotryUITests */,
			);
		};
/* End PBXProject section */

/* Begin PBXResourcesBuildPhase section */
		D86CD1B229C7535A00F523D9 /* Resources */ = {
			isa = PBXResourcesBuildPhase;
			buildActionMask = 2147483647;
			files = (
				D86CD1BF29C7535C00F523D9 /* Preview Assets.xcassets in Resources */,
				D86CD1BC29C7535C00F523D9 /* Assets.xcassets in Resources */,
			);
			runOnlyForDeploymentPostprocessing = 0;
		};
		D86CD1C229C7535C00F523D9 /* Resources */ = {
			isa = PBXResourcesBuildPhase;
			buildActionMask = 2147483647;
			files = (
			);
			runOnlyForDeploymentPostprocessing = 0;
		};
		D86CD1CC29C7535C00F523D9 /* Resources */ = {
			isa = PBXResourcesBuildPhase;
			buildActionMask = 2147483647;
			files = (
			);
			runOnlyForDeploymentPostprocessing = 0;
		};
/* End PBXResourcesBuildPhase section */

/* Begin PBXSourcesBuildPhase section */
		D86CD1B029C7535A00F523D9 /* Sources */ = {
			isa = PBXSourcesBuildPhase;
			buildActionMask = 2147483647;
			files = (
				D86CD1E529C7567C00F523D9 /* RepositorySearchResponse.swift in Sources */,
				D86CD1FC29C76A7200F523D9 /* ExecutionState.swift in Sources */,
				D86CD1F929C7604600F523D9 /* Request.swift in Sources */,
				D86CD1F529C75F4A00F523D9 /* APIErrorStatus.swift in Sources */,
				D86CD20E29C76ECF00F523D9 /* MessageView.swift in Sources */,
				D86CD1E229C7557E00F523D9 /* SearchRepositoryView.swift in Sources */,
				D80ED83029C8BA7E00A23ED6 /* RepositoriesSearchRequest.swift in Sources */,
				D86CD1EF29C757F300F523D9 /* APIRouterProtocol.swift in Sources */,
				D86CD1F729C7602D00F523D9 /* Encode+Decode.swift in Sources */,
				D86CD20B29C76E8500F523D9 /* LoaderView.swift in Sources */,
				D86CD1E729C7569500F523D9 /* RepositoryItem.swift in Sources */,
				D86CD20629C76D5D00F523D9 /* String+Extension.swift in Sources */,
				D80ED83329C8BB5400A23ED6 /* RepositorySearchViewModel.swift in Sources */,
				D80ED82D29C8B9EF00A23ED6 /* ServiceManager.swift in Sources */,
				D86CD1F129C7581D00F523D9 /* HTTPMethod.swift in Sources */,
				D86CD20329C76CA700F523D9 /* Network+Connectivity.swift in Sources */,
				D86CD1B829C7535A00F523D9 /* SerachGithubReposiotryApp.swift in Sources */,
				D86CD21029C770F100F523D9 /* ImageHolderView.swift in Sources */,
				D86CD1F329C75F3300F523D9 /* NetworkError.swift in Sources */,
				D86CD20129C76C2F00F523D9 /* CashManager.swift in Sources */,
				D86CD1ED29C757DA00F523D9 /* Endpoint.swift in Sources */,
				D86CD1FF29C76B3B00F523D9 /* CachedAsyncImage.swift in Sources */,
				D86CD20829C76DC200F523D9 /* Publisher+Extension.swift in Sources */,
				D86CD1E929C756AB00F523D9 /* RepositoryOwner.swift in Sources */,
			);
			runOnlyForDeploymentPostprocessing = 0;
		};
		D86CD1C029C7535C00F523D9 /* Sources */ = {
			isa = PBXSourcesBuildPhase;
			buildActionMask = 2147483647;
			files = (
				D86CD1C929C7535C00F523D9 /* SerachGithubReposiotryTests.swift in Sources */,
			);
			runOnlyForDeploymentPostprocessing = 0;
		};
		D86CD1CA29C7535C00F523D9 /* Sources */ = {
			isa = PBXSourcesBuildPhase;
			buildActionMask = 2147483647;
			files = (
				D86CD1D329C7535C00F523D9 /* SerachGithubReposiotryUITests.swift in Sources */,
				D86CD1D529C7535C00F523D9 /* SerachGithubReposiotryUITestsLaunchTests.swift in Sources */,
			);
			runOnlyForDeploymentPostprocessing = 0;
		};
/* End PBXSourcesBuildPhase section */

/* Begin PBXTargetDependency section */
		D86CD1C629C7535C00F523D9 /* PBXTargetDependency */ = {
			isa = PBXTargetDependency;
			target = D86CD1B329C7535A00F523D9 /* SerachGithubReposiotry */;
			targetProxy = D86CD1C529C7535C00F523D9 /* PBXContainerItemProxy */;
		};
		D86CD1D029C7535C00F523D9 /* PBXTargetDependency */ = {
			isa = PBXTargetDependency;
			target = D86CD1B329C7535A00F523D9 /* SerachGithubReposiotry */;
			targetProxy = D86CD1CF29C7535C00F523D9 /* PBXContainerItemProxy */;
		};
/* End PBXTargetDependency section */

/* Begin XCBuildConfiguration section */
		D86CD1D629C7535C00F523D9 /* Debug */ = {
			isa = XCBuildConfiguration;
			buildSettings = {
				ALWAYS_SEARCH_USER_PATHS = NO;
				CLANG_ANALYZER_NONNULL = YES;
				CLANG_ANALYZER_NUMBER_OBJECT_CONVERSION = YES_AGGRESSIVE;
				CLANG_CXX_LANGUAGE_STANDARD = "gnu++20";
				CLANG_ENABLE_MODULES = YES;
				CLANG_ENABLE_OBJC_ARC = YES;
				CLANG_ENABLE_OBJC_WEAK = YES;
				CLANG_WARN_BLOCK_CAPTURE_AUTORELEASING = YES;
				CLANG_WARN_BOOL_CONVERSION = YES;
				CLANG_WARN_COMMA = YES;
				CLANG_WARN_CONSTANT_CONVERSION = YES;
				CLANG_WARN_DEPRECATED_OBJC_IMPLEMENTATIONS = YES;
				CLANG_WARN_DIRECT_OBJC_ISA_USAGE = YES_ERROR;
				CLANG_WARN_DOCUMENTATION_COMMENTS = YES;
				CLANG_WARN_EMPTY_BODY = YES;
				CLANG_WARN_ENUM_CONVERSION = YES;
				CLANG_WARN_INFINITE_RECURSION = YES;
				CLANG_WARN_INT_CONVERSION = YES;
				CLANG_WARN_NON_LITERAL_NULL_CONVERSION = YES;
				CLANG_WARN_OBJC_IMPLICIT_RETAIN_SELF = YES;
				CLANG_WARN_OBJC_LITERAL_CONVERSION = YES;
				CLANG_WARN_OBJC_ROOT_CLASS = YES_ERROR;
				CLANG_WARN_QUOTED_INCLUDE_IN_FRAMEWORK_HEADER = YES;
				CLANG_WARN_RANGE_LOOP_ANALYSIS = YES;
				CLANG_WARN_STRICT_PROTOTYPES = YES;
				CLANG_WARN_SUSPICIOUS_MOVE = YES;
				CLANG_WARN_UNGUARDED_AVAILABILITY = YES_AGGRESSIVE;
				CLANG_WARN_UNREACHABLE_CODE = YES;
				CLANG_WARN__DUPLICATE_METHOD_MATCH = YES;
				COPY_PHASE_STRIP = NO;
				DEBUG_INFORMATION_FORMAT = dwarf;
				ENABLE_STRICT_OBJC_MSGSEND = YES;
				ENABLE_TESTABILITY = YES;
				GCC_C_LANGUAGE_STANDARD = gnu11;
				GCC_DYNAMIC_NO_PIC = NO;
				GCC_NO_COMMON_BLOCKS = YES;
				GCC_OPTIMIZATION_LEVEL = 0;
				GCC_PREPROCESSOR_DEFINITIONS = (
					"DEBUG=1",
					"$(inherited)",
				);
				GCC_WARN_64_TO_32_BIT_CONVERSION = YES;
				GCC_WARN_ABOUT_RETURN_TYPE = YES_ERROR;
				GCC_WARN_UNDECLARED_SELECTOR = YES;
				GCC_WARN_UNINITIALIZED_AUTOS = YES_AGGRESSIVE;
				GCC_WARN_UNUSED_FUNCTION = YES;
				GCC_WARN_UNUSED_VARIABLE = YES;
				IPHONEOS_DEPLOYMENT_TARGET = 16.2;
				MTL_ENABLE_DEBUG_INFO = INCLUDE_SOURCE;
				MTL_FAST_MATH = YES;
				ONLY_ACTIVE_ARCH = YES;
				SDKROOT = iphoneos;
				SWIFT_ACTIVE_COMPILATION_CONDITIONS = DEBUG;
				SWIFT_OPTIMIZATION_LEVEL = "-Onone";
			};
			name = Debug;
		};
		D86CD1D729C7535C00F523D9 /* Release */ = {
			isa = XCBuildConfiguration;
			buildSettings = {
				ALWAYS_SEARCH_USER_PATHS = NO;
				CLANG_ANALYZER_NONNULL = YES;
				CLANG_ANALYZER_NUMBER_OBJECT_CONVERSION = YES_AGGRESSIVE;
				CLANG_CXX_LANGUAGE_STANDARD = "gnu++20";
				CLANG_ENABLE_MODULES = YES;
				CLANG_ENABLE_OBJC_ARC = YES;
				CLANG_ENABLE_OBJC_WEAK = YES;
				CLANG_WARN_BLOCK_CAPTURE_AUTORELEASING = YES;
				CLANG_WARN_BOOL_CONVERSION = YES;
				CLANG_WARN_COMMA = YES;
				CLANG_WARN_CONSTANT_CONVERSION = YES;
				CLANG_WARN_DEPRECATED_OBJC_IMPLEMENTATIONS = YES;
				CLANG_WARN_DIRECT_OBJC_ISA_USAGE = YES_ERROR;
				CLANG_WARN_DOCUMENTATION_COMMENTS = YES;
				CLANG_WARN_EMPTY_BODY = YES;
				CLANG_WARN_ENUM_CONVERSION = YES;
				CLANG_WARN_INFINITE_RECURSION = YES;
				CLANG_WARN_INT_CONVERSION = YES;
				CLANG_WARN_NON_LITERAL_NULL_CONVERSION = YES;
				CLANG_WARN_OBJC_IMPLICIT_RETAIN_SELF = YES;
				CLANG_WARN_OBJC_LITERAL_CONVERSION = YES;
				CLANG_WARN_OBJC_ROOT_CLASS = YES_ERROR;
				CLANG_WARN_QUOTED_INCLUDE_IN_FRAMEWORK_HEADER = YES;
				CLANG_WARN_RANGE_LOOP_ANALYSIS = YES;
				CLANG_WARN_STRICT_PROTOTYPES = YES;
				CLANG_WARN_SUSPICIOUS_MOVE = YES;
				CLANG_WARN_UNGUARDED_AVAILABILITY = YES_AGGRESSIVE;
				CLANG_WARN_UNREACHABLE_CODE = YES;
				CLANG_WARN__DUPLICATE_METHOD_MATCH = YES;
				COPY_PHASE_STRIP = NO;
				DEBUG_INFORMATION_FORMAT = "dwarf-with-dsym";
				ENABLE_NS_ASSERTIONS = NO;
				ENABLE_STRICT_OBJC_MSGSEND = YES;
				GCC_C_LANGUAGE_STANDARD = gnu11;
				GCC_NO_COMMON_BLOCKS = YES;
				GCC_WARN_64_TO_32_BIT_CONVERSION = YES;
				GCC_WARN_ABOUT_RETURN_TYPE = YES_ERROR;
				GCC_WARN_UNDECLARED_SELECTOR = YES;
				GCC_WARN_UNINITIALIZED_AUTOS = YES_AGGRESSIVE;
				GCC_WARN_UNUSED_FUNCTION = YES;
				GCC_WARN_UNUSED_VARIABLE = YES;
				IPHONEOS_DEPLOYMENT_TARGET = 16.2;
				MTL_ENABLE_DEBUG_INFO = NO;
				MTL_FAST_MATH = YES;
				SDKROOT = iphoneos;
				SWIFT_COMPILATION_MODE = wholemodule;
				SWIFT_OPTIMIZATION_LEVEL = "-O";
				VALIDATE_PRODUCT = YES;
			};
			name = Release;
		};
		D86CD1D929C7535C00F523D9 /* Debug */ = {
			isa = XCBuildConfiguration;
			buildSettings = {
				ASSETCATALOG_COMPILER_APPICON_NAME = AppIcon;
				ASSETCATALOG_COMPILER_GLOBAL_ACCENT_COLOR_NAME = AccentColor;
				CODE_SIGN_STYLE = Automatic;
				CURRENT_PROJECT_VERSION = 1;
				DEVELOPMENT_ASSET_PATHS = "\"SerachGithubReposiotry/Resources/Preview Content\"";
				DEVELOPMENT_TEAM = S27FAGF43P;
				ENABLE_PREVIEWS = YES;
				GENERATE_INFOPLIST_FILE = YES;
				INFOPLIST_KEY_UIApplicationSceneManifest_Generation = YES;
				INFOPLIST_KEY_UIApplicationSupportsIndirectInputEvents = YES;
				INFOPLIST_KEY_UILaunchScreen_Generation = YES;
				INFOPLIST_KEY_UISupportedInterfaceOrientations_iPad = "UIInterfaceOrientationPortrait UIInterfaceOrientationPortraitUpsideDown UIInterfaceOrientationLandscapeLeft UIInterfaceOrientationLandscapeRight";
				INFOPLIST_KEY_UISupportedInterfaceOrientations_iPhone = "UIInterfaceOrientationPortrait UIInterfaceOrientationLandscapeLeft UIInterfaceOrientationLandscapeRight";
				LD_RUNPATH_SEARCH_PATHS = (
					"$(inherited)",
					"@executable_path/Frameworks",
				);
				MARKETING_VERSION = 1.0;
				PRODUCT_BUNDLE_IDENTIFIER = appwalli.com.SerachGithubReposiotry;
				PRODUCT_NAME = "$(TARGET_NAME)";
				SWIFT_EMIT_LOC_STRINGS = YES;
				SWIFT_VERSION = 5.0;
				TARGETED_DEVICE_FAMILY = "1,2";
			};
			name = Debug;
		};
		D86CD1DA29C7535C00F523D9 /* Release */ = {
			isa = XCBuildConfiguration;
			buildSettings = {
				ASSETCATALOG_COMPILER_APPICON_NAME = AppIcon;
				ASSETCATALOG_COMPILER_GLOBAL_ACCENT_COLOR_NAME = AccentColor;
				CODE_SIGN_STYLE = Automatic;
				CURRENT_PROJECT_VERSION = 1;
				DEVELOPMENT_ASSET_PATHS = "\"SerachGithubReposiotry/Resources/Preview Content\"";
				DEVELOPMENT_TEAM = S27FAGF43P;
				ENABLE_PREVIEWS = YES;
				GENERATE_INFOPLIST_FILE = YES;
				INFOPLIST_KEY_UIApplicationSceneManifest_Generation = YES;
				INFOPLIST_KEY_UIApplicationSupportsIndirectInputEvents = YES;
				INFOPLIST_KEY_UILaunchScreen_Generation = YES;
				INFOPLIST_KEY_UISupportedInterfaceOrientations_iPad = "UIInterfaceOrientationPortrait UIInterfaceOrientationPortraitUpsideDown UIInterfaceOrientationLandscapeLeft UIInterfaceOrientationLandscapeRight";
				INFOPLIST_KEY_UISupportedInterfaceOrientations_iPhone = "UIInterfaceOrientationPortrait UIInterfaceOrientationLandscapeLeft UIInterfaceOrientationLandscapeRight";
				LD_RUNPATH_SEARCH_PATHS = (
					"$(inherited)",
					"@executable_path/Frameworks",
				);
				MARKETING_VERSION = 1.0;
				PRODUCT_BUNDLE_IDENTIFIER = appwalli.com.SerachGithubReposiotry;
				PRODUCT_NAME = "$(TARGET_NAME)";
				SWIFT_EMIT_LOC_STRINGS = YES;
				SWIFT_VERSION = 5.0;
				TARGETED_DEVICE_FAMILY = "1,2";
			};
			name = Release;
		};
		D86CD1DC29C7535C00F523D9 /* Debug */ = {
			isa = XCBuildConfiguration;
			buildSettings = {
				ALWAYS_EMBED_SWIFT_STANDARD_LIBRARIES = YES;
				BUNDLE_LOADER = "$(TEST_HOST)";
				CODE_SIGN_STYLE = Automatic;
				CURRENT_PROJECT_VERSION = 1;
				DEVELOPMENT_TEAM = S27FAGF43P;
				GENERATE_INFOPLIST_FILE = YES;
				IPHONEOS_DEPLOYMENT_TARGET = 16.2;
				MARKETING_VERSION = 1.0;
				PRODUCT_BUNDLE_IDENTIFIER = appwalli.com.SerachGithubReposiotryTests;
				PRODUCT_NAME = "$(TARGET_NAME)";
				SWIFT_EMIT_LOC_STRINGS = NO;
				SWIFT_VERSION = 5.0;
				TARGETED_DEVICE_FAMILY = "1,2";
				TEST_HOST = "$(BUILT_PRODUCTS_DIR)/SerachGithubReposiotry.app/$(BUNDLE_EXECUTABLE_FOLDER_PATH)/SerachGithubReposiotry";
			};
			name = Debug;
		};
		D86CD1DD29C7535C00F523D9 /* Release */ = {
			isa = XCBuildConfiguration;
			buildSettings = {
				ALWAYS_EMBED_SWIFT_STANDARD_LIBRARIES = YES;
				BUNDLE_LOADER = "$(TEST_HOST)";
				CODE_SIGN_STYLE = Automatic;
				CURRENT_PROJECT_VERSION = 1;
				DEVELOPMENT_TEAM = S27FAGF43P;
				GENERATE_INFOPLIST_FILE = YES;
				IPHONEOS_DEPLOYMENT_TARGET = 16.2;
				MARKETING_VERSION = 1.0;
				PRODUCT_BUNDLE_IDENTIFIER = appwalli.com.SerachGithubReposiotryTests;
				PRODUCT_NAME = "$(TARGET_NAME)";
				SWIFT_EMIT_LOC_STRINGS = NO;
				SWIFT_VERSION = 5.0;
				TARGETED_DEVICE_FAMILY = "1,2";
				TEST_HOST = "$(BUILT_PRODUCTS_DIR)/SerachGithubReposiotry.app/$(BUNDLE_EXECUTABLE_FOLDER_PATH)/SerachGithubReposiotry";
			};
			name = Release;
		};
		D86CD1DF29C7535C00F523D9 /* Debug */ = {
			isa = XCBuildConfiguration;
			buildSettings = {
				ALWAYS_EMBED_SWIFT_STANDARD_LIBRARIES = YES;
				CODE_SIGN_STYLE = Automatic;
				CURRENT_PROJECT_VERSION = 1;
				DEVELOPMENT_TEAM = S27FAGF43P;
				GENERATE_INFOPLIST_FILE = YES;
				MARKETING_VERSION = 1.0;
				PRODUCT_BUNDLE_IDENTIFIER = appwalli.com.SerachGithubReposiotryUITests;
				PRODUCT_NAME = "$(TARGET_NAME)";
				SWIFT_EMIT_LOC_STRINGS = NO;
				SWIFT_VERSION = 5.0;
				TARGETED_DEVICE_FAMILY = "1,2";
				TEST_TARGET_NAME = SerachGithubReposiotry;
			};
			name = Debug;
		};
		D86CD1E029C7535C00F523D9 /* Release */ = {
			isa = XCBuildConfiguration;
			buildSettings = {
				ALWAYS_EMBED_SWIFT_STANDARD_LIBRARIES = YES;
				CODE_SIGN_STYLE = Automatic;
				CURRENT_PROJECT_VERSION = 1;
				DEVELOPMENT_TEAM = S27FAGF43P;
				GENERATE_INFOPLIST_FILE = YES;
				MARKETING_VERSION = 1.0;
				PRODUCT_BUNDLE_IDENTIFIER = appwalli.com.SerachGithubReposiotryUITests;
				PRODUCT_NAME = "$(TARGET_NAME)";
				SWIFT_EMIT_LOC_STRINGS = NO;
				SWIFT_VERSION = 5.0;
				TARGETED_DEVICE_FAMILY = "1,2";
				TEST_TARGET_NAME = SerachGithubReposiotry;
			};
			name = Release;
		};
/* End XCBuildConfiguration section */

/* Begin XCConfigurationList section */
		D86CD1AF29C7535A00F523D9 /* Build configuration list for PBXProject "SerachGithubReposiotry" */ = {
			isa = XCConfigurationList;
			buildConfigurations = (
				D86CD1D629C7535C00F523D9 /* Debug */,
				D86CD1D729C7535C00F523D9 /* Release */,
			);
			defaultConfigurationIsVisible = 0;
			defaultConfigurationName = Release;
		};
		D86CD1D829C7535C00F523D9 /* Build configuration list for PBXNativeTarget "SerachGithubReposiotry" */ = {
			isa = XCConfigurationList;
			buildConfigurations = (
				D86CD1D929C7535C00F523D9 /* Debug */,
				D86CD1DA29C7535C00F523D9 /* Release */,
			);
			defaultConfigurationIsVisible = 0;
			defaultConfigurationName = Release;
		};
		D86CD1DB29C7535C00F523D9 /* Build configuration list for PBXNativeTarget "SerachGithubReposiotryTests" */ = {
			isa = XCConfigurationList;
			buildConfigurations = (
				D86CD1DC29C7535C00F523D9 /* Debug */,
				D86CD1DD29C7535C00F523D9 /* Release */,
			);
			defaultConfigurationIsVisible = 0;
			defaultConfigurationName = Release;
		};
		D86CD1DE29C7535C00F523D9 /* Build configuration list for PBXNativeTarget "SerachGithubReposiotryUITests" */ = {
			isa = XCConfigurationList;
			buildConfigurations = (
				D86CD1DF29C7535C00F523D9 /* Debug */,
				D86CD1E029C7535C00F523D9 /* Release */,
			);
			defaultConfigurationIsVisible = 0;
			defaultConfigurationName = Release;
		};
/* End XCConfigurationList section */
	};
	rootObject = D86CD1AC29C7535A00F523D9 /* Project object */;
}
